
Microsoft Visual Studio Solution File, Format Version 12.00
# Visual Studio Version 16
VisualStudioVersion = 16.0.30523.141
MinimumVisualStudioVersion = 10.0.40219.1
Project("{FAE04EC0-301F-11D3-BF4B-00C04F79EFBC}") = "NetdLab4-students4cheaptext", "NetdLab4-students4cheaptext\NetdLab4-students4cheaptext.csproj", "{E02A8276-51A5-4671-BCAD-93ED0ED54E5E}"
EndProject
Global
	GlobalSection(SolutionConfigurationPlatforms) = preSolution
		Debug|Any CPU = Debug|Any CPU
		Release|Any CPU = Release|Any CPU
	EndGlobalSection
	GlobalSection(ProjectConfigurationPlatforms) = postSolution
		{E02A8276-51A5-4671-BCAD-93ED0ED54E5E}.Debug|Any CPU.ActiveCfg = Debug|Any CPU
		{E02A8276-51A5-4671-BCAD-93ED0ED54E5E}.Debug|Any CPU.Build.0 = Debug|Any CPU
		{E02A8276-51A5-4671-BCAD-93ED0ED54E5E}.Release|Any CPU.ActiveCfg = Release|Any CPU
		{E02A8276-51A5-4671-BCAD-93ED0ED54E5E}.Release|Any CPU.Build.0 = Release|Any CPU
	EndGlobalSection
	GlobalSection(SolutionProperties) = preSolution
		HideSolutionNode = FALSE
	EndGlobalSection
	GlobalSection(ExtensibilityGlobals) = postSolution
		SolutionGuid = {B61E73B4-6643-4933-910F-0D53942A6BDF}
	EndGlobalSection
EndGlobal
